
Microsoft Visual Studio Solution File, Format Version 12.00
# Visual Studio Version 17
VisualStudioVersion = 17.5.33414.496
MinimumVisualStudioVersion = 10.0.40219.1
Project("{9A19103F-16F7-4668-BE54-9A1E7A4F7556}") = "Talegen.Configuration.Server", "Talegen.Configuration.Server.csproj", "{ECE026EA-C73D-4624-8EAD-2666111EF518}"
EndProject
Project("{9A19103F-16F7-4668-BE54-9A1E7A4F7556}") = "Talegen.Configuration.Server.Core.Models", "..\..\Talegen.Configuration.Server.Core.Models\src\Talegen.Configuration.Server.Core.Models.csproj", "{4A1418B9-8481-45B6-974C-951FE8B6E2A5}"
EndProject
Global
	GlobalSection(SolutionConfigurationPlatforms) = preSolution
		Debug|Any CPU = Debug|Any CPU
		Release|Any CPU = Release|Any CPU
	EndGlobalSection
	GlobalSection(ProjectConfigurationPlatforms) = postSolution
		{ECE026EA-C73D-4624-8EAD-2666111EF518}.Debug|Any CPU.ActiveCfg = Debug|Any CPU
		{ECE026EA-C73D-4624-8EAD-2666111EF518}.Debug|Any CPU.Build.0 = Debug|Any CPU
		{ECE026EA-C73D-4624-8EAD-2666111EF518}.Release|Any CPU.ActiveCfg = Release|Any CPU
		{ECE026EA-C73D-4624-8EAD-2666111EF518}.Release|Any CPU.Build.0 = Release|Any CPU
		{4A1418B9-8481-45B6-974C-951FE8B6E2A5}.Debug|Any CPU.ActiveCfg = Debug|Any CPU
		{4A1418B9-8481-45B6-974C-951FE8B6E2A5}.Debug|Any CPU.Build.0 = Debug|Any CPU
		{4A1418B9-8481-45B6-974C-951FE8B6E2A5}.Release|Any CPU.ActiveCfg = Release|Any CPU
		{4A1418B9-8481-45B6-974C-951FE8B6E2A5}.Release|Any CPU.Build.0 = Release|Any CPU
	EndGlobalSection
	GlobalSection(SolutionProperties) = preSolution
		HideSolutionNode = FALSE
	EndGlobalSection
	GlobalSection(ExtensibilityGlobals) = postSolution
		SolutionGuid = {F10C1D0F-CC4A-4650-A928-F4B178FBF73E}
	EndGlobalSection
EndGlobal
